// !$*UTF8*$!
{
	archiveVersion = 1;
	classes = {
	};
	objectVersion = 77;
	objects = {

/* Begin PBXBuildFile section */
		5203AECE2F706C9B001402F1 /* VetAIView.swift in Sources */ = {isa = PBXBuildFile; fileRef = 5203AECD2F706C9B001402F1 /* VetAIView.swift */; };
		522BA83B2F6A340F00462F04 /* PAWPAL_APP_STORE_ACTION_PLAN.md in Resources */ = {isa = PBXBuildFile; fileRef = 522BA83A2F6A340F00462F04 /* PAWPAL_APP_STORE_ACTION_PLAN.md */; };
		522BA83D2F6A343B00462F04 /* QUICK_DAILY_CHECKLIST.md in Resources */ = {isa = PBXBuildFile; fileRef = 522BA83C2F6A343B00462F04 /* QUICK_DAILY_CHECKLIST.md */; };
		522BA83F2F6A349A00462F04 /* APP_STORE_TROUBLESHOOTING.md in Resources */ = {isa = PBXBuildFile; fileRef = 522BA83E2F6A349A00462F04 /* APP_STORE_TROUBLESHOOTING.md */; };
		522BA8412F6A34E700462F04 /* START_HERE_APP_STORE.md in Resources */ = {isa = PBXBuildFile; fileRef = 522BA8402F6A34E700462F04 /* START_HERE_APP_STORE.md */; };
		522BA8432F6A351A00462F04 /* ULTRA_QUICK_START.md in Resources */ = {isa = PBXBuildFile; fileRef = 522BA8422F6A351A00462F04 /* ULTRA_QUICK_START.md */; };
		522BA8452F6A360600462F04 /* APP_NAME_UPDATE_COMPLETE.md in Resources */ = {isa = PBXBuildFile; fileRef = 522BA8442F6A360600462F04 /* APP_NAME_UPDATE_COMPLETE.md */; };
		522BA8532F6A3B7D00462F04 /* APP_ICON_SETUP_GUIDE.md in Resources */ = {isa = PBXBuildFile; fileRef = 522BA8522F6A3B7D00462F04 /* APP_ICON_SETUP_GUIDE.md */; };
		526331572F69F5F000A64ED5 /* PetpalApp.swift in Sources */ = {isa = PBXBuildFile; fileRef = 526331402F69F5F000A64ED5 /* PetpalApp.swift */; };
		526331592F69F5F000A64ED5 /* HealthTipCard.swift in Sources */ = {isa = PBXBuildFile; fileRef = 5263312C2F69F5F000A64ED5 /* HealthTipCard.swift */; };
		5263315A2F69F5F000A64ED5 /* SettingsView.swift in Sources */ = {isa = PBXBuildFile; fileRef = 5263314C2F69F5F000A64ED5 /* SettingsView.swift */; };
		5263315C2F69F5F000A64ED5 /* PetDetailView.swift in Sources */ = {isa = PBXBuildFile; fileRef = 5263313C2F69F5F000A64ED5 /* PetDetailView.swift */; };
		5263315D2F69F5F000A64ED5 /* HealthTipPreferences.swift in Sources */ = {isa = PBXBuildFile; fileRef = 5263312D2F69F5F000A64ED5 /* HealthTipPreferences.swift */; };
		5263315E2F69F5F000A64ED5 /* MultiPetDashboardView.swift in Sources */ = {isa = PBXBuildFile; fileRef = 526331392F69F5F000A64ED5 /* MultiPetDashboardView.swift */; };
		5263315F2F69F5F000A64ED5 /* AddPetView.swift in Sources */ = {isa = PBXBuildFile; fileRef = 5263311F2F69F5F000A64ED5 /* AddPetView.swift */; };
		526331602F69F5F000A64ED5 /* TilePreferences.swift in Sources */ = {isa = PBXBuildFile; fileRef = 526331502F69F5F000A64ED5 /* TilePreferences.swift */; };
		526331612F69F5F000A64ED5 /* DisclaimerView.swift in Sources */ = {isa = PBXBuildFile; fileRef = 526331282F69F5F000A64ED5 /* DisclaimerView.swift */; };
		526331622F69F5F000A64ED5 /* ModernDesignSystem.swift in Sources */ = {isa = PBXBuildFile; fileRef = 526331382F69F5F000A64ED5 /* ModernDesignSystem.swift */; };
		526331632F69F5F000A64ED5 /* PetsListView.swift in Sources */ = {isa = PBXBuildFile; fileRef = 526331412F69F5F000A64ED5 /* PetsListView.swift */; };
		526331642F69F5F000A64ED5 /* PublicEmergencyView.swift in Sources */ = {isa = PBXBuildFile; fileRef = 526331462F69F5F000A64ED5 /* PublicEmergencyView.swift */; };
		526331652F69F5F000A64ED5 /* APIConfiguration.swift in Sources */ = {isa = PBXBuildFile; fileRef = 526331202F69F5F000A64ED5 /* APIConfiguration.swift */; };
		526331682F69F5F000A64ED5 /* VetAIDisclaimerSheet.swift in Sources */ = {isa = PBXBuildFile; fileRef = 526331552F69F5F000A64ED5 /* VetAIDisclaimerSheet.swift */; };
		526331692F69F5F000A64ED5 /* EmergencyQRView.swift in Sources */ = {isa = PBXBuildFile; fileRef = 526331292F69F5F000A64ED5 /* EmergencyQRView.swift */; };
		5263316A2F69F5F000A64ED5 /* HomeView.swift in Sources */ = {isa = PBXBuildFile; fileRef = 5263312F2F69F5F000A64ED5 /* HomeView.swift */; };
		5263316C2F69F5F000A64ED5 /* MODERN_DESIGN_GUIDE.md in Resources */ = {isa = PBXBuildFile; fileRef = 526331362F69F5F000A64ED5 /* MODERN_DESIGN_GUIDE.md */; };
		5263316D2F69F5F000A64ED5 /* VISUAL_GUIDE_HOME_SCREEN.md in Resources */ = {isa = PBXBuildFile; fileRef = 526331562F69F5F000A64ED5 /* VISUAL_GUIDE_HOME_SCREEN.md */; };
		5263316E2F69F5F000A64ED5 /* TERMS_OF_SERVICE.md in Resources */ = {isa = PBXBuildFile; fileRef = 5263314F2F69F5F000A64ED5 /* TERMS_OF_SERVICE.md */; };
		5263316F2F69F5F000A64ED5 /* QUICK_START 2.md in Resources */ = {isa = PBXBuildFile; fileRef = 526331492F69F5F000A64ED5 /* QUICK_START 2.md */; };
		526331712F69F5F000A64ED5 /* SUBMISSION_CHECKLIST.md in Resources */ = {isa = PBXBuildFile; fileRef = 5263314E2F69F5F000A64ED5 /* SUBMISSION_CHECKLIST.md */; };
		526331722F69F5F000A64ED5 /* FLOATING_VET_AI_GUIDE.md in Resources */ = {isa = PBXBuildFile; fileRef = 5263312B2F69F5F000A64ED5 /* FLOATING_VET_AI_GUIDE.md */; };
		526331732F69F5F000A64ED5 /* PRESET_FEATURES.md in Resources */ = {isa = PBXBuildFile; fileRef = 526331422F69F5F000A64ED5 /* PRESET_FEATURES.md */; };
		526331752F69F5F000A64ED5 /* Assets.xcassets in Resources */ = {isa = PBXBuildFile; fileRef = 526331242F69F5F000A64ED5 /* Assets.xcassets */; };
		526331792F69F5F000A64ED5 /* IMPLEMENTATION_SUMMARY.md in Resources */ = {isa = PBXBuildFile; fileRef = 526331302F69F5F000A64ED5 /* IMPLEMENTATION_SUMMARY.md */; };
		5263317A2F69F5F000A64ED5 /* INFO_PLIST_SETUP.md in Resources */ = {isa = PBXBuildFile; fileRef = 526331322F69F5F000A64ED5 /* INFO_PLIST_SETUP.md */; };
		5263317B2F69F5F000A64ED5 /* TOGGLE_ALL_FEATURE.md in Resources */ = {isa = PBXBuildFile; fileRef = 526331512F69F5F000A64ED5 /* TOGGLE_ALL_FEATURE.md */; };
		5263317D2F69F5F000A64ED5 /* PRIVACY_POLICY.md in Resources */ = {isa = PBXBuildFile; fileRef = 526331442F69F5F000A64ED5 /* PRIVACY_POLICY.md */; };
		526331802F69F5F000A64ED5 /* PRIVACY_POLICY_TEMPLATE.md in Resources */ = {isa = PBXBuildFile; fileRef = 526331452F69F5F000A64ED5 /* PRIVACY_POLICY_TEMPLATE.md */; };
		526331812F69F5F000A64ED5 /* APP_STORE_COMPLIANCE_GUIDE.md in Resources */ = {isa = PBXBuildFile; fileRef = 526331212F69F5F000A64ED5 /* APP_STORE_COMPLIANCE_GUIDE.md */; };
		526331842F69F5F000A64ED5 /* APP_STORE_READY_SUMMARY.md in Resources */ = {isa = PBXBuildFile; fileRef = 526331222F69F5F000A64ED5 /* APP_STORE_READY_SUMMARY.md */; };
		526331852F69F5F000A64ED5 /* CUSTOMIZATION_GUIDE.md in Resources */ = {isa = PBXBuildFile; fileRef = 526331272F69F5F000A64ED5 /* CUSTOMIZATION_GUIDE.md */; };
		526331862F69F5F000A64ED5 /* MODERN_HOME_UI_GUIDE.md in Resources */ = {isa = PBXBuildFile; fileRef = 526331372F69F5F000A64ED5 /* MODERN_HOME_UI_GUIDE.md */; };
		526331872F69F5F000A64ED5 /* PRESET_VISUAL_GUIDE.md in Resources */ = {isa = PBXBuildFile; fileRef = 526331432F69F5F000A64ED5 /* PRESET_VISUAL_GUIDE.md */; };
		526331882F69F5F000A64ED5 /* BEFORE_AFTER_VISUAL.md in Resources */ = {isa = PBXBuildFile; fileRef = 526331252F69F5F000A64ED5 /* BEFORE_AFTER_VISUAL.md */; };
		5263318B2F69F5F000A64ED5 /* REBRANDING_GUIDE.md in Resources */ = {isa = PBXBuildFile; fileRef = 5263314B2F69F5F000A64ED5 /* REBRANDING_GUIDE.md */; };
		5263318C2F69F5F000A64ED5 /* HOME_SCREEN_REDESIGN_SUMMARY.md in Resources */ = {isa = PBXBuildFile; fileRef = 5263312E2F69F5F000A64ED5 /* HOME_SCREEN_REDESIGN_SUMMARY.md */; };
		5263318D2F69F5F000A64ED5 /* APP_STORE_SUBMISSION_GUIDE.md in Resources */ = {isa = PBXBuildFile; fileRef = 526331232F69F5F000A64ED5 /* APP_STORE_SUBMISSION_GUIDE.md */; };
		5263318F2F69F68D00A64ED5 /* Models.swift in Sources */ = {isa = PBXBuildFile; fileRef = 5263318E2F69F68D00A64ED5 /* Models.swift */; };
		526331912F69F79900A64ED5 /* EmergencyProfileEditor.swift in Sources */ = {isa = PBXBuildFile; fileRef = 526331902F69F79900A64ED5 /* EmergencyProfileEditor.swift */; };
		526331992F69F8FB00A64ED5 /* DUPLICATE_FILES_FIX.md in Resources */ = {isa = PBXBuildFile; fileRef = 526331982F69F8FB00A64ED5 /* DUPLICATE_FILES_FIX.md */; };
		526331AA2FAA10010064ED02 /* LegacyPetBootstrap.swift in Sources */ = {isa = PBXBuildFile; fileRef = 526331AA2FAA10010064ED01 /* LegacyPetBootstrap.swift */; };
		526331AB2FAA10010064ED02 /* AppRootView.swift in Sources */ = {isa = PBXBuildFile; fileRef = 526331AB2FAA10010064ED01 /* AppRootView.swift */; };
		526FB7BC2F6F02A800D30E94 /* tmpTESTFLIGHT_QUICK_START.md in Resources */ = {isa = PBXBuildFile; fileRef = 526FB7BB2F6F02A800D30E94 /* tmpTESTFLIGHT_QUICK_START.md */; };
		52BADD022F71000100B64ED5 /* RecordAttachmentSupport.swift in Sources */ = {isa = PBXBuildFile; fileRef = 52BADD012F71000100B64ED5 /* RecordAttachmentSupport.swift */; };
		52F1C0112F72000000BD001 /* PetpalSwiftDataStore.swift in Sources */ = {isa = PBXBuildFile; fileRef = 52F1C0012F72000000BD001 /* PetpalSwiftDataStore.swift */; };
		52F1C0122F72000000BD002 /* PetpalStore.swift in Sources */ = {isa = PBXBuildFile; fileRef = 52F1C0022F72000000BD002 /* PetpalStore.swift */; };
		52F1C0132F72000000BD003 /* PetReminderNotificationService.swift in Sources */ = {isa = PBXBuildFile; fileRef = 52F1C0032F72000000BD003 /* PetReminderNotificationService.swift */; };
		52F1C0142F72000000BD004 /* InsuranceCuratedContent.swift in Sources */ = {isa = PBXBuildFile; fileRef = 52F1C0042F72000000BD004 /* InsuranceCuratedContent.swift */; };
		52F1C0152F72000000BD005 /* PetpalBackup.swift in Sources */ = {isa = PBXBuildFile; fileRef = 52F1C0052F72000000BD005 /* PetpalBackup.swift */; };
		52F1C0162F72000000BD006 /* PetpalBackupZip.swift in Sources */ = {isa = PBXBuildFile; fileRef = 52F1C0062F72000000BD006 /* PetpalBackupZip.swift */; };
		52F1C0172F72000000BD007 /* DataBackupSettingsView.swift in Sources */ = {isa = PBXBuildFile; fileRef = 52F1C0072F72000000BD007 /* DataBackupSettingsView.swift */; };
		52F1C0182F72000000BD008 /* WeightTrackerView.swift in Sources */ = {isa = PBXBuildFile; fileRef = 52F1C0082F72000000BD008 /* WeightTrackerView.swift */; };
		52F1C0192F72000000BD009 /* FeaturePetScope.swift in Sources */ = {isa = PBXBuildFile; fileRef = 52F1C0092F72000000BD009 /* FeaturePetScope.swift */; };
		52F1C01A2F72000000BD00A /* CertificatesView.swift in Sources */ = {isa = PBXBuildFile; fileRef = 52F1C00A2F72000000BD00A /* CertificatesView.swift */; };
		52F1C01B2F72000000BD00B /* PetVetContactViews.swift in Sources */ = {isa = PBXBuildFile; fileRef = 52F1C00B2F72000000BD00B /* PetVetContactViews.swift */; };
		52F1C01C2F72000000BD00C /* LucysTipJarView.swift in Sources */ = {isa = PBXBuildFile; fileRef = 52F1C00C2F72000000BD00C /* LucysTipJarView.swift */; };
		52F1C01D2F72000000BD00D /* LucysFavoritesView.swift in Sources */ = {isa = PBXBuildFile; fileRef = 52F1C00D2F72000000BD00D /* LucysFavoritesView.swift */; };
		52ECEC982F70699200479441 /* VetAIPetContextBuilder.swift in Sources */ = {isa = PBXBuildFile; fileRef = 52ECEC972F70699200479441 /* VetAIPetContextBuilder.swift */; };
		52ECEC9C2F70687200479441 /* PlaceholderFeatures.swift in Sources */ = {isa = PBXBuildFile; fileRef = 52ECEC9B2F70687200479441 /* PlaceholderFeatures.swift */; };
		52ECEC9E2F70699000479441 /* PrintShareSupport.swift in Sources */ = {isa = PBXBuildFile; fileRef = 52ECEC9D2F70699000479441 /* PrintShareSupport.swift */; };
/* End PBXBuildFile section */

/* Begin PBXContainerItemProxy section */
		526331032F69F54700A64ED5 /* PBXContainerItemProxy */ = {
			isa = PBXContainerItemProxy;
			containerPortal = 526330EB2F69F54600A64ED5 /* Project object */;
			proxyType = 1;
			remoteGlobalIDString = 526330F22F69F54600A64ED5;
			remoteInfo = Petpal;
		};
		5263310D2F69F54700A64ED5 /* PBXContainerItemProxy */ = {
			isa = PBXContainerItemProxy;
			containerPortal = 526330EB2F69F54600A64ED5 /* Project object */;
			proxyType = 1;
			remoteGlobalIDString = 526330F22F69F54600A64ED5;
			remoteInfo = Petpal;
		};
/* End PBXContainerItemProxy section */

/* Begin PBXFileReference section */
		5203AECD2F706C9B001402F1 /* VetAIView.swift */ = {isa = PBXFileReference; lastKnownFileType = sourcecode.swift; path = VetAIView.swift; sourceTree = "<group>"; };
		522BA83A2F6A340F00462F04 /* PAWPAL_APP_STORE_ACTION_PLAN.md */ = {isa = PBXFileReference; lastKnownFileType = net.daringfireball.markdown; path = PAWPAL_APP_STORE_ACTION_PLAN.md; sourceTree = "<group>"; };
		522BA83C2F6A343B00462F04 /* QUICK_DAILY_CHECKLIST.md */ = {isa = PBXFileReference; lastKnownFileType = net.daringfireball.markdown; path = QUICK_DAILY_CHECKLIST.md; sourceTree = "<group>"; };
		522BA83E2F6A349A00462F04 /* APP_STORE_TROUBLESHOOTING.md */ = {isa = PBXFileReference; lastKnownFileType = net.daringfireball.markdown; path = APP_STORE_TROUBLESHOOTING.md; sourceTree = "<group>"; };
		522BA8402F6A34E700462F04 /* START_HERE_APP_STORE.md */ = {isa = PBXFileReference; lastKnownFileType = net.daringfireball.markdown; path = START_HERE_APP_STORE.md; sourceTree = "<group>"; };
		522BA8422F6A351A00462F04 /* ULTRA_QUICK_START.md */ = {isa = PBXFileReference; lastKnownFileType = net.daringfireball.markdown; path = ULTRA_QUICK_START.md; sourceTree = "<group>"; };
		522BA8442F6A360600462F04 /* APP_NAME_UPDATE_COMPLETE.md */ = {isa = PBXFileReference; lastKnownFileType = net.daringfireball.markdown; path = APP_NAME_UPDATE_COMPLETE.md; sourceTree = "<group>"; };
		522BA8522F6A3B7D00462F04 /* APP_ICON_SETUP_GUIDE.md */ = {isa = PBXFileReference; lastKnownFileType = net.daringfireball.markdown; path = APP_ICON_SETUP_GUIDE.md; sourceTree = "<group>"; };
		523161982F7071030074993E /* Info.plist */ = {isa = PBXFileReference; lastKnownFileType = text.plist; name = Info.plist; path = Petpal/Info.plist; sourceTree = "<group>"; };
		526330F32F69F54600A64ED5 /* Petpal.app */ = {isa = PBXFileReference; explicitFileType = wrapper.application; includeInIndex = 0; path = Petpal.app; sourceTree = BUILT_PRODUCTS_DIR; };
		526331022F69F54700A64ED5 /* PetpalTests.xctest */ = {isa = PBXFileReference; explicitFileType = wrapper.cfbundle; includeInIndex = 0; path = PetpalTests.xctest; sourceTree = BUILT_PRODUCTS_DIR; };
		5263310C2F69F54700A64ED5 /* PetpalUITests.xctest */ = {isa = PBXFileReference; explicitFileType = wrapper.cfbundle; includeInIndex = 0; path = PetpalUITests.xctest; sourceTree = BUILT_PRODUCTS_DIR; };
		5263311F2F69F5F000A64ED5 /* AddPetView.swift */ = {isa = PBXFileReference; lastKnownFileType = sourcecode.swift; path = AddPetView.swift; sourceTree = "<group>"; };
		526331202F69F5F000A64ED5 /* APIConfiguration.swift */ = {isa = PBXFileReference; lastKnownFileType = sourcecode.swift; path = APIConfiguration.swift; sourceTree = "<group>"; };
		526331212F69F5F000A64ED5 /* APP_STORE_COMPLIANCE_GUIDE.md */ = {isa = PBXFileReference; lastKnownFileType = net.daringfireball.markdown; path = APP_STORE_COMPLIANCE_GUIDE.md; sourceTree = "<group>"; };
		526331222F69F5F000A64ED5 /* APP_STORE_READY_SUMMARY.md */ = {isa = PBXFileReference; lastKnownFileType = net.daringfireball.markdown; path = APP_STORE_READY_SUMMARY.md; sourceTree = "<group>"; };
		526331232F69F5F000A64ED5 /* APP_STORE_SUBMISSION_GUIDE.md */ = {isa = PBXFileReference; lastKnownFileType = net.daringfireball.markdown; path = APP_STORE_SUBMISSION_GUIDE.md; sourceTree = "<group>"; };
		526331242F69F5F000A64ED5 /* Assets.xcassets */ = {isa = PBXFileReference; lastKnownFileType = folder.assetcatalog; path = Assets.xcassets; sourceTree = "<group>"; };
		526331252F69F5F000A64ED5 /* BEFORE_AFTER_VISUAL.md */ = {isa = PBXFileReference; lastKnownFileType = net.daringfireball.markdown; path = BEFORE_AFTER_VISUAL.md; sourceTree = "<group>"; };
		526331272F69F5F000A64ED5 /* CUSTOMIZATION_GUIDE.md */ = {isa = PBXFileReference; lastKnownFileType = net.daringfireball.markdown; path = CUSTOMIZATION_GUIDE.md; sourceTree = "<group>"; };
		526331282F69F5F000A64ED5 /* DisclaimerView.swift */ = {isa = PBXFileReference; lastKnownFileType = sourcecode.swift; path = DisclaimerView.swift; sourceTree = "<group>"; };
		526331292F69F5F000A64ED5 /* EmergencyQRView.swift */ = {isa = PBXFileReference; lastKnownFileType = sourcecode.swift; path = EmergencyQRView.swift; sourceTree = "<group>"; };
		5263312B2F69F5F000A64ED5 /* FLOATING_VET_AI_GUIDE.md */ = {isa = PBXFileReference; lastKnownFileType = net.daringfireball.markdown; path = FLOATING_VET_AI_GUIDE.md; sourceTree = "<group>"; };
		5263312C2F69F5F000A64ED5 /* HealthTipCard.swift */ = {isa = PBXFileReference; lastKnownFileType = sourcecode.swift; path = HealthTipCard.swift; sourceTree = "<group>"; };
		5263312D2F69F5F000A64ED5 /* HealthTipPreferences.swift */ = {isa = PBXFileReference; lastKnownFileType = sourcecode.swift; path = HealthTipPreferences.swift; sourceTree = "<group>"; };
		5263312E2F69F5F000A64ED5 /* HOME_SCREEN_REDESIGN_SUMMARY.md */ = {isa = PBXFileReference; lastKnownFileType = net.daringfireball.markdown; path = HOME_SCREEN_REDESIGN_SUMMARY.md; sourceTree = "<group>"; };
		5263312F2F69F5F000A64ED5 /* HomeView.swift */ = {isa = PBXFileReference; lastKnownFileType = sourcecode.swift; path = HomeView.swift; sourceTree = "<group>"; };
		526331302F69F5F000A64ED5 /* IMPLEMENTATION_SUMMARY.md */ = {isa = PBXFileReference; lastKnownFileType = net.daringfireball.markdown; path = IMPLEMENTATION_SUMMARY.md; sourceTree = "<group>"; };
		526331312F69F5F000A64ED5 /* Info.plist */ = {isa = PBXFileReference; lastKnownFileType = text.plist.xml; path = Info.plist; sourceTree = "<group>"; };
		526331322F69F5F000A64ED5 /* INFO_PLIST_SETUP.md */ = {isa = PBXFileReference; lastKnownFileType = net.daringfireball.markdown; path = INFO_PLIST_SETUP.md; sourceTree = "<group>"; };
		526331362F69F5F000A64ED5 /* MODERN_DESIGN_GUIDE.md */ = {isa = PBXFileReference; lastKnownFileType = net.daringfireball.markdown; path = MODERN_DESIGN_GUIDE.md; sourceTree = "<group>"; };
		526331372F69F5F000A64ED5 /* MODERN_HOME_UI_GUIDE.md */ = {isa = PBXFileReference; lastKnownFileType = net.daringfireball.markdown; path = MODERN_HOME_UI_GUIDE.md; sourceTree = "<group>"; };
		526331382F69F5F000A64ED5 /* ModernDesignSystem.swift */ = {isa = PBXFileReference; lastKnownFileType = sourcecode.swift; path = ModernDesignSystem.swift; sourceTree = "<group>"; };
		526331392F69F5F000A64ED5 /* MultiPetDashboardView.swift */ = {isa = PBXFileReference; lastKnownFileType = sourcecode.swift; path = MultiPetDashboardView.swift; sourceTree = "<group>"; };
		5263313C2F69F5F000A64ED5 /* PetDetailView.swift */ = {isa = PBXFileReference; lastKnownFileType = sourcecode.swift; path = PetDetailView.swift; sourceTree = "<group>"; };
		5263313E2F69F5F000A64ED5 /* Petpal.entitlements */ = {isa = PBXFileReference; lastKnownFileType = text.plist.entitlements; path = Petpal.entitlements; sourceTree = "<group>"; };
		526331402F69F5F000A64ED5 /* PetpalApp.swift */ = {isa = PBXFileReference; lastKnownFileType = sourcecode.swift; path = PetpalApp.swift; sourceTree = "<group>"; };
		526331412F69F5F000A64ED5 /* PetsListView.swift */ = {isa = PBXFileReference; lastKnownFileType = sourcecode.swift; path = PetsListView.swift; sourceTree = "<group>"; };
		526331422F69F5F000A64ED5 /* PRESET_FEATURES.md */ = {isa = PBXFileReference; lastKnownFileType = net.daringfireball.markdown; path = PRESET_FEATURES.md; sourceTree = "<group>"; };
		526331432F69F5F000A64ED5 /* PRESET_VISUAL_GUIDE.md */ = {isa = PBXFileReference; lastKnownFileType = net.daringfireball.markdown; path = PRESET_VISUAL_GUIDE.md; sourceTree = "<group>"; };
		526331442F69F5F000A64ED5 /* PRIVACY_POLICY.md */ = {isa = PBXFileReference; lastKnownFileType = net.daringfireball.markdown; path = PRIVACY_POLICY.md; sourceTree = "<group>"; };
		526331452F69F5F000A64ED5 /* PRIVACY_POLICY_TEMPLATE.md */ = {isa = PBXFileReference; lastKnownFileType = net.daringfireball.markdown; path = PRIVACY_POLICY_TEMPLATE.md; sourceTree = "<group>"; };
		526331462F69F5F000A64ED5 /* PublicEmergencyView.swift */ = {isa = PBXFileReference; lastKnownFileType = sourcecode.swift; path = PublicEmergencyView.swift; sourceTree = "<group>"; };
		526331492F69F5F000A64ED5 /* QUICK_START 2.md */ = {isa = PBXFileReference; lastKnownFileType = net.daringfireball.markdown; path = "QUICK_START 2.md"; sourceTree = "<group>"; };
		5263314B2F69F5F000A64ED5 /* REBRANDING_GUIDE.md */ = {isa = PBXFileReference; lastKnownFileType = net.daringfireball.markdown; path = REBRANDING_GUIDE.md; sourceTree = "<group>"; };
		5263314C2F69F5F000A64ED5 /* SettingsView.swift */ = {isa = PBXFileReference; lastKnownFileType = sourcecode.swift; path = SettingsView.swift; sourceTree = "<group>"; };
		5263314E2F69F5F000A64ED5 /* SUBMISSION_CHECKLIST.md */ = {isa = PBXFileReference; lastKnownFileType = net.daringfireball.markdown; path = SUBMISSION_CHECKLIST.md; sourceTree = "<group>"; };
		5263314F2F69F5F000A64ED5 /* TERMS_OF_SERVICE.md */ = {isa = PBXFileReference; lastKnownFileType = net.daringfireball.markdown; path = TERMS_OF_SERVICE.md; sourceTree = "<group>"; };
		526331502F69F5F000A64ED5 /* TilePreferences.swift */ = {isa = PBXFileReference; lastKnownFileType = sourcecode.swift; path = TilePreferences.swift; sourceTree = "<group>"; };
		526331512F69F5F000A64ED5 /* TOGGLE_ALL_FEATURE.md */ = {isa = PBXFileReference; lastKnownFileType = net.daringfireball.markdown; path = TOGGLE_ALL_FEATURE.md; sourceTree = "<group>"; };
		526331552F69F5F000A64ED5 /* VetAIDisclaimerSheet.swift */ = {isa = PBXFileReference; lastKnownFileType = sourcecode.swift; path = VetAIDisclaimerSheet.swift; sourceTree = "<group>"; };
		526331562F69F5F000A64ED5 /* VISUAL_GUIDE_HOME_SCREEN.md */ = {isa = PBXFileReference; lastKnownFileType = net.daringfireball.markdown; path = VISUAL_GUIDE_HOME_SCREEN.md; sourceTree = "<group>"; };
		5263318E2F69F68D00A64ED5 /* Models.swift */ = {isa = PBXFileReference; lastKnownFileType = sourcecode.swift; path = Models.swift; sourceTree = "<group>"; };
		526331902F69F79900A64ED5 /* EmergencyProfileEditor.swift */ = {isa = PBXFileReference; lastKnownFileType = sourcecode.swift; path = EmergencyProfileEditor.swift; sourceTree = "<group>"; };
		526331982F69F8FB00A64ED5 /* DUPLICATE_FILES_FIX.md */ = {isa = PBXFileReference; lastKnownFileType = net.daringfireball.markdown; path = DUPLICATE_FILES_FIX.md; sourceTree = "<group>"; };
		526331AA2FAA10010064ED01 /* LegacyPetBootstrap.swift */ = {isa = PBXFileReference; lastKnownFileType = sourcecode.swift; path = LegacyPetBootstrap.swift; sourceTree = "<group>"; };
		526331AB2FAA10010064ED01 /* AppRootView.swift */ = {isa = PBXFileReference; lastKnownFileType = sourcecode.swift; path = AppRootView.swift; sourceTree = "<group>"; };
		526FB7BB2F6F02A800D30E94 /* tmpTESTFLIGHT_QUICK_START.md */ = {isa = PBXFileReference; lastKnownFileType = net.daringfireball.markdown; path = tmpTESTFLIGHT_QUICK_START.md; sourceTree = "<group>"; };
		52BADD012F71000100B64ED5 /* RecordAttachmentSupport.swift */ = {isa = PBXFileReference; lastKnownFileType = sourcecode.swift; path = RecordAttachmentSupport.swift; sourceTree = "<group>"; };
		52F1C0012F72000000BD001 /* PetpalSwiftDataStore.swift */ = {isa = PBXFileReference; lastKnownFileType = sourcecode.swift; path = PetpalSwiftDataStore.swift; sourceTree = "<group>"; };
		52F1C0022F72000000BD002 /* PetpalStore.swift */ = {isa = PBXFileReference; lastKnownFileType = sourcecode.swift; path = PetpalStore.swift; sourceTree = "<group>"; };
		52F1C0032F72000000BD003 /* PetReminderNotificationService.swift */ = {isa = PBXFileReference; lastKnownFileType = sourcecode.swift; path = PetReminderNotificationService.swift; sourceTree = "<group>"; };
		52F1C0042F72000000BD004 /* InsuranceCuratedContent.swift */ = {isa = PBXFileReference; lastKnownFileType = sourcecode.swift; path = InsuranceCuratedContent.swift; sourceTree = "<group>"; };
		52F1C0052F72000000BD005 /* PetpalBackup.swift */ = {isa = PBXFileReference; lastKnownFileType = sourcecode.swift; path = PetpalBackup.swift; sourceTree = "<group>"; };
		52F1C0062F72000000BD006 /* PetpalBackupZip.swift */ = {isa = PBXFileReference; lastKnownFileType = sourcecode.swift; path = PetpalBackupZip.swift; sourceTree = "<group>"; };
		52F1C0072F72000000BD007 /* DataBackupSettingsView.swift */ = {isa = PBXFileReference; lastKnownFileType = sourcecode.swift; path = DataBackupSettingsView.swift; sourceTree = "<group>"; };
		52F1C0082F72000000BD008 /* WeightTrackerView.swift */ = {isa = PBXFileReference; lastKnownFileType = sourcecode.swift; path = WeightTrackerView.swift; sourceTree = "<group>"; };
		52F1C0092F72000000BD009 /* FeaturePetScope.swift */ = {isa = PBXFileReference; lastKnownFileType = sourcecode.swift; path = FeaturePetScope.swift; sourceTree = "<group>"; };
		52F1C00A2F72000000BD00A /* CertificatesView.swift */ = {isa = PBXFileReference; lastKnownFileType = sourcecode.swift; path = CertificatesView.swift; sourceTree = "<group>"; };
		52F1C00B2F72000000BD00B /* PetVetContactViews.swift */ = {isa = PBXFileReference; lastKnownFileType = sourcecode.swift; path = PetVetContactViews.swift; sourceTree = "<group>"; };
		52F1C00C2F72000000BD00C /* LucysTipJarView.swift */ = {isa = PBXFileReference; lastKnownFileType = sourcecode.swift; path = LucysTipJarView.swift; sourceTree = "<group>"; };
		52F1C00D2F72000000BD00D /* LucysFavoritesView.swift */ = {isa = PBXFileReference; lastKnownFileType = sourcecode.swift; path = LucysFavoritesView.swift; sourceTree = "<group>"; };
		52F1C00E2F72000000BD00E /* StoreKitConfiguration.storekit */ = {isa = PBXFileReference; lastKnownFileType = text; path = StoreKitConfiguration.storekit; sourceTree = "<group>"; };
		52ECEC972F70699200479441 /* VetAIPetContextBuilder.swift */ = {isa = PBXFileReference; lastKnownFileType = sourcecode.swift; path = VetAIPetContextBuilder.swift; sourceTree = "<group>"; };
		52ECEC9B2F70687200479441 /* PlaceholderFeatures.swift */ = {isa = PBXFileReference; lastKnownFileType = sourcecode.swift; path = PlaceholderFeatures.swift; sourceTree = "<group>"; };
		52ECEC9D2F70699000479441 /* PrintShareSupport.swift */ = {isa = PBXFileReference; lastKnownFileType = sourcecode.swift; path = PrintShareSupport.swift; sourceTree = "<group>"; };
/* End PBXFileReference section */

/* Begin PBXFileSystemSynchronizedRootGroup section */
		526331052F69F54700A64ED5 /* PetpalTests */ = {
			isa = PBXFileSystemSynchronizedRootGroup;
			path = PetpalTests;
			sourceTree = "<group>";
		};
		5263310F2F69F54700A64ED5 /* PetpalUITests */ = {
			isa = PBXFileSystemSynchronizedRootGroup;
			path = PetpalUITests;
			sourceTree = "<group>";
		};
/* End PBXFileSystemSynchronizedRootGroup section */

/* Begin PBXFrameworksBuildPhase section */
		526330F02F69F54600A64ED5 /* Frameworks */ = {
			isa = PBXFrameworksBuildPhase;
			buildActionMask = 2147483647;
			files = (
			);
			runOnlyForDeploymentPostprocessing = 0;
		};
		526330FF2F69F54700A64ED5 /* Frameworks */ = {
			isa = PBXFrameworksBuildPhase;
			buildActionMask = 2147483647;
			files = (
			);
			runOnlyForDeploymentPostprocessing = 0;
		};
		526331092F69F54700A64ED5 /* Frameworks */ = {
			isa = PBXFrameworksBuildPhase;
			buildActionMask = 2147483647;
			files = (
			);
			runOnlyForDeploymentPostprocessing = 0;
		};
/* End PBXFrameworksBuildPhase section */

/* Begin PBXGroup section */
		526330EA2F69F54600A64ED5 = {
			isa = PBXGroup;
			children = (
				523161982F7071030074993E /* Info.plist */,
				5203AECD2F706C9B001402F1 /* VetAIView.swift */,
				52ECEC972F70699200479441 /* VetAIPetContextBuilder.swift */,
				52ECEC9B2F70687200479441 /* PlaceholderFeatures.swift */,
				52ECEC9D2F70699000479441 /* PrintShareSupport.swift */,
				52BADD012F71000100B64ED5 /* RecordAttachmentSupport.swift */,
				5263311F2F69F5F000A64ED5 /* AddPetView.swift */,
				526331202F69F5F000A64ED5 /* APIConfiguration.swift */,
				526331212F69F5F000A64ED5 /* APP_STORE_COMPLIANCE_GUIDE.md */,
				526331222F69F5F000A64ED5 /* APP_STORE_READY_SUMMARY.md */,
				526331232F69F5F000A64ED5 /* APP_STORE_SUBMISSION_GUIDE.md */,
				526331242F69F5F000A64ED5 /* Assets.xcassets */,
				526331252F69F5F000A64ED5 /* BEFORE_AFTER_VISUAL.md */,
				526331272F69F5F000A64ED5 /* CUSTOMIZATION_GUIDE.md */,
				526331282F69F5F000A64ED5 /* DisclaimerView.swift */,
				526331292F69F5F000A64ED5 /* EmergencyQRView.swift */,
				5263312B2F69F5F000A64ED5 /* FLOATING_VET_AI_GUIDE.md */,
				5263312C2F69F5F000A64ED5 /* HealthTipCard.swift */,
				5263312D2F69F5F000A64ED5 /* HealthTipPreferences.swift */,
				5263312E2F69F5F000A64ED5 /* HOME_SCREEN_REDESIGN_SUMMARY.md */,
				5263312F2F69F5F000A64ED5 /* HomeView.swift */,
				526331302F69F5F000A64ED5 /* IMPLEMENTATION_SUMMARY.md */,
				526331312F69F5F000A64ED5 /* Info.plist */,
				526331322F69F5F000A64ED5 /* INFO_PLIST_SETUP.md */,
				526331362F69F5F000A64ED5 /* MODERN_DESIGN_GUIDE.md */,
				526331372F69F5F000A64ED5 /* MODERN_HOME_UI_GUIDE.md */,
				526331382F69F5F000A64ED5 /* ModernDesignSystem.swift */,
				526331392F69F5F000A64ED5 /* MultiPetDashboardView.swift */,
				5263313C2F69F5F000A64ED5 /* PetDetailView.swift */,
				5263313E2F69F5F000A64ED5 /* Petpal.entitlements */,
				526331402F69F5F000A64ED5 /* PetpalApp.swift */,
				52F1C0012F72000000BD001 /* PetpalSwiftDataStore.swift */,
				52F1C0052F72000000BD005 /* PetpalBackup.swift */,
				52F1C0062F72000000BD006 /* PetpalBackupZip.swift */,
				52F1C0072F72000000BD007 /* DataBackupSettingsView.swift */,
				52F1C0022F72000000BD002 /* PetpalStore.swift */,
				52F1C0032F72000000BD003 /* PetReminderNotificationService.swift */,
				52F1C0082F72000000BD008 /* WeightTrackerView.swift */,
				52F1C0092F72000000BD009 /* FeaturePetScope.swift */,
				52F1C00A2F72000000BD00A /* CertificatesView.swift */,
				52F1C00B2F72000000BD00B /* PetVetContactViews.swift */,
				52F1C0042F72000000BD004 /* InsuranceCuratedContent.swift */,
				52F1C00C2F72000000BD00C /* LucysTipJarView.swift */,
				52F1C00D2F72000000BD00D /* LucysFavoritesView.swift */,
				52F1C00E2F72000000BD00E /* StoreKitConfiguration.storekit */,
				526331412F69F5F000A64ED5 /* PetsListView.swift */,
				526331422F69F5F000A64ED5 /* PRESET_FEATURES.md */,
				526331432F69F5F000A64ED5 /* PRESET_VISUAL_GUIDE.md */,
				526331442F69F5F000A64ED5 /* PRIVACY_POLICY.md */,
				526331452F69F5F000A64ED5 /* PRIVACY_POLICY_TEMPLATE.md */,
				526331462F69F5F000A64ED5 /* PublicEmergencyView.swift */,
				526331492F69F5F000A64ED5 /* QUICK_START 2.md */,
				5263314B2F69F5F000A64ED5 /* REBRANDING_GUIDE.md */,
				5263314C2F69F5F000A64ED5 /* SettingsView.swift */,
				5263314E2F69F5F000A64ED5 /* SUBMISSION_CHECKLIST.md */,
				5263314F2F69F5F000A64ED5 /* TERMS_OF_SERVICE.md */,
				526331502F69F5F000A64ED5 /* TilePreferences.swift */,
				526331512F69F5F000A64ED5 /* TOGGLE_ALL_FEATURE.md */,
				526331552F69F5F000A64ED5 /* VetAIDisclaimerSheet.swift */,
				526331562F69F5F000A64ED5 /* VISUAL_GUIDE_HOME_SCREEN.md */,
				526331052F69F54700A64ED5 /* PetpalTests */,
				5263310F2F69F54700A64ED5 /* PetpalUITests */,
				526330F42F69F54600A64ED5 /* Products */,
				5263318E2F69F68D00A64ED5 /* Models.swift */,
				526331AA2FAA10010064ED01 /* LegacyPetBootstrap.swift */,
				526331AB2FAA10010064ED01 /* AppRootView.swift */,
				526331902F69F79900A64ED5 /* EmergencyProfileEditor.swift */,
				526331982F69F8FB00A64ED5 /* DUPLICATE_FILES_FIX.md */,
				522BA83A2F6A340F00462F04 /* PAWPAL_APP_STORE_ACTION_PLAN.md */,
				522BA83C2F6A343B00462F04 /* QUICK_DAILY_CHECKLIST.md */,
				522BA83E2F6A349A00462F04 /* APP_STORE_TROUBLESHOOTING.md */,
				522BA8402F6A34E700462F04 /* START_HERE_APP_STORE.md */,
				522BA8422F6A351A00462F04 /* ULTRA_QUICK_START.md */,
				522BA8442F6A360600462F04 /* APP_NAME_UPDATE_COMPLETE.md */,
				522BA8522F6A3B7D00462F04 /* APP_ICON_SETUP_GUIDE.md */,
				526FB7BB2F6F02A800D30E94 /* tmpTESTFLIGHT_QUICK_START.md */,
			);
			sourceTree = "<group>";
		};
		526330F42F69F54600A64ED5 /* Products */ = {
			isa = PBXGroup;
			children = (
				526330F32F69F54600A64ED5 /* Petpal.app */,
				526331022F69F54700A64ED5 /* PetpalTests.xctest */,
				5263310C2F69F54700A64ED5 /* PetpalUITests.xctest */,
			);
			name = Products;
			sourceTree = "<group>";
		};
/* End PBXGroup section */

/* Begin PBXNativeTarget section */
		526330F22F69F54600A64ED5 /* Petpal */ = {
			isa = PBXNativeTarget;
			buildConfigurationList = 526331162F69F54700A64ED5 /* Build configuration list for PBXNativeTarget "Petpal" */;
			buildPhases = (
				526330EF2F69F54600A64ED5 /* Sources */,
				526330F02F69F54600A64ED5 /* Frameworks */,
				526330F12F69F54600A64ED5 /* Resources */,
			);
			buildRules = (
			);
			dependencies = (
			);
			name = Petpal;
			packageProductDependencies = (
			);
			productName = Petpal;
			productReference = 526330F32F69F54600A64ED5 /* Petpal.app */;
			productType = "com.apple.product-type.application";
		};
		526331012F69F54700A64ED5 /* PetpalTests */ = {
			isa = PBXNativeTarget;
			buildConfigurationList = 526331192F69F54700A64ED5 /* Build configuration list for PBXNativeTarget "PetpalTests" */;
			buildPhases = (
				526330FE2F69F54700A64ED5 /* Sources */,
				526330FF2F69F54700A64ED5 /* Frameworks */,
				526331002F69F54700A64ED5 /* Resources */,
			);
			buildRules = (
			);
			dependencies = (
				526331042F69F54700A64ED5 /* PBXTargetDependency */,
			);
			fileSystemSynchronizedGroups = (
				526331052F69F54700A64ED5 /* PetpalTests */,
			);
			name = PetpalTests;
			packageProductDependencies = (
			);
			productName = PetpalTests;
			productReference = 526331022F69F54700A64ED5 /* PetpalTests.xctest */;
			productType = "com.apple.product-type.bundle.unit-test";
		};
		5263310B2F69F54700A64ED5 /* PetpalUITests */ = {
			isa = PBXNativeTarget;
			buildConfigurationList = 5263311C2F69F54700A64ED5 /* Build configuration list for PBXNativeTarget "PetpalUITests" */;
			buildPhases = (
				526331082F69F54700A64ED5 /* Sources */,
				526331092F69F54700A64ED5 /* Frameworks */,
				5263310A2F69F54700A64ED5 /* Resources */,
			);
			buildRules = (
			);
			dependencies = (
				5263310E2F69F54700A64ED5 /* PBXTargetDependency */,
			);
			fileSystemSynchronizedGroups = (
				5263310F2F69F54700A64ED5 /* PetpalUITests */,
			);
			name = PetpalUITests;
			packageProductDependencies = (
			);
			productName = PetpalUITests;
			productReference = 5263310C2F69F54700A64ED5 /* PetpalUITests.xctest */;
			productType = "com.apple.product-type.bundle.ui-testing";
		};
/* End PBXNativeTarget section */

/* Begin PBXProject section */
		526330EB2F69F54600A64ED5 /* Project object */ = {
			isa = PBXProject;
			attributes = {
				BuildIndependentTargetsInParallel = 1;
				LastSwiftUpdateCheck = 2630;
				LastUpgradeCheck = 2630;
				TargetAttributes = {
					526330F22F69F54600A64ED5 = {
						CreatedOnToolsVersion = 26.3;
					};
					526331012F69F54700A64ED5 = {
						CreatedOnToolsVersion = 26.3;
						TestTargetID = 526330F22F69F54600A64ED5;
					};
					5263310B2F69F54700A64ED5 = {
						CreatedOnToolsVersion = 26.3;
						TestTargetID = 526330F22F69F54600A64ED5;
					};
				};
			};
			buildConfigurationList = 526330EE2F69F54600A64ED5 /* Build configuration list for PBXProject "Petpal" */;
			developmentRegion = en;
			hasScannedForEncodings = 0;
			knownRegions = (
				en,
				Base,
			);
			mainGroup = 526330EA2F69F54600A64ED5;
			minimizedProjectReferenceProxies = 1;
			preferredProjectObjectVersion = 77;
			productRefGroup = 526330F42F69F54600A64ED5 /* Products */;
			projectDirPath = "";
			projectRoot = "";
			targets = (
				526330F22F69F54600A64ED5 /* Petpal */,
				526331012F69F54700A64ED5 /* PetpalTests */,
				5263310B2F69F54700A64ED5 /* PetpalUITests */,
			);
		};
/* End PBXProject section */

/* Begin PBXResourcesBuildPhase section */
		526330F12F69F54600A64ED5 /* Resources */ = {
			isa = PBXResourcesBuildPhase;
			buildActionMask = 2147483647;
			files = (
				5263316C2F69F5F000A64ED5 /* MODERN_DESIGN_GUIDE.md in Resources */,
				522BA8412F6A34E700462F04 /* START_HERE_APP_STORE.md in Resources */,
				5263316D2F69F5F000A64ED5 /* VISUAL_GUIDE_HOME_SCREEN.md in Resources */,
				5263316E2F69F5F000A64ED5 /* TERMS_OF_SERVICE.md in Resources */,
				526331992F69F8FB00A64ED5 /* DUPLICATE_FILES_FIX.md in Resources */,
				5263316F2F69F5F000A64ED5 /* QUICK_START 2.md in Resources */,
				526331712F69F5F000A64ED5 /* SUBMISSION_CHECKLIST.md in Resources */,
				526331722F69F5F000A64ED5 /* FLOATING_VET_AI_GUIDE.md in Resources */,
				526331732F69F5F000A64ED5 /* PRESET_FEATURES.md in Resources */,
				526331752F69F5F000A64ED5 /* Assets.xcassets in Resources */,
				526331792F69F5F000A64ED5 /* IMPLEMENTATION_SUMMARY.md in Resources */,
				5263317A2F69F5F000A64ED5 /* INFO_PLIST_SETUP.md in Resources */,
				5263317B2F69F5F000A64ED5 /* TOGGLE_ALL_FEATURE.md in Resources */,
				5263317D2F69F5F000A64ED5 /* PRIVACY_POLICY.md in Resources */,
				522BA8452F6A360600462F04 /* APP_NAME_UPDATE_COMPLETE.md in Resources */,
				526FB7BC2F6F02A800D30E94 /* tmpTESTFLIGHT_QUICK_START.md in Resources */,
				526331802F69F5F000A64ED5 /* PRIVACY_POLICY_TEMPLATE.md in Resources */,
				526331812F69F5F000A64ED5 /* APP_STORE_COMPLIANCE_GUIDE.md in Resources */,
				522BA83D2F6A343B00462F04 /* QUICK_DAILY_CHECKLIST.md in Resources */,
				522BA8432F6A351A00462F04 /* ULTRA_QUICK_START.md in Resources */,
				526331842F69F5F000A64ED5 /* APP_STORE_READY_SUMMARY.md in Resources */,
				526331852F69F5F000A64ED5 /* CUSTOMIZATION_GUIDE.md in Resources */,
				526331862F69F5F000A64ED5 /* MODERN_HOME_UI_GUIDE.md in Resources */,
				526331872F69F5F000A64ED5 /* PRESET_VISUAL_GUIDE.md in Resources */,
				522BA83B2F6A340F00462F04 /* PAWPAL_APP_STORE_ACTION_PLAN.md in Resources */,
				522BA8532F6A3B7D00462F04 /* APP_ICON_SETUP_GUIDE.md in Resources */,
				526331882F69F5F000A64ED5 /* BEFORE_AFTER_VISUAL.md in Resources */,
				522BA83F2F6A349A00462F04 /* APP_STORE_TROUBLESHOOTING.md in Resources */,
				5263318B2F69F5F000A64ED5 /* REBRANDING_GUIDE.md in Resources */,
				5263318C2F69F5F000A64ED5 /* HOME_SCREEN_REDESIGN_SUMMARY.md in Resources */,
				5263318D2F69F5F000A64ED5 /* APP_STORE_SUBMISSION_GUIDE.md in Resources */,
			);
			runOnlyForDeploymentPostprocessing = 0;
		};
		526331002F69F54700A64ED5 /* Resources */ = {
			isa = PBXResourcesBuildPhase;
			buildActionMask = 2147483647;
			files = (
			);
			runOnlyForDeploymentPostprocessing = 0;
		};
		5263310A2F69F54700A64ED5 /* Resources */ = {
			isa = PBXResourcesBuildPhase;
			buildActionMask = 2147483647;
			files = (
			);
			runOnlyForDeploymentPostprocessing = 0;
		};
/* End PBXResourcesBuildPhase section */

/* Begin PBXSourcesBuildPhase section */
		526330EF2F69F54600A64ED5 /* Sources */ = {
			isa = PBXSourcesBuildPhase;
			buildActionMask = 2147483647;
			files = (
				52F1C0112F72000000BD001 /* PetpalSwiftDataStore.swift in Sources */,
				52F1C0152F72000000BD005 /* PetpalBackup.swift in Sources */,
				52F1C0162F72000000BD006 /* PetpalBackupZip.swift in Sources */,
				52F1C0172F72000000BD007 /* DataBackupSettingsView.swift in Sources */,
				526331572F69F5F000A64ED5 /* PetpalApp.swift in Sources */,
				52F1C0122F72000000BD002 /* PetpalStore.swift in Sources */,
				52F1C0132F72000000BD003 /* PetReminderNotificationService.swift in Sources */,
				52F1C0182F72000000BD008 /* WeightTrackerView.swift in Sources */,
				52F1C0192F72000000BD009 /* FeaturePetScope.swift in Sources */,
				52F1C01A2F72000000BD00A /* CertificatesView.swift in Sources */,
				52F1C01B2F72000000BD00B /* PetVetContactViews.swift in Sources */,
				52F1C0142F72000000BD004 /* InsuranceCuratedContent.swift in Sources */,
				52F1C01C2F72000000BD00C /* LucysTipJarView.swift in Sources */,
				52F1C01D2F72000000BD00D /* LucysFavoritesView.swift in Sources */,
				526331592F69F5F000A64ED5 /* HealthTipCard.swift in Sources */,
				5263315A2F69F5F000A64ED5 /* SettingsView.swift in Sources */,
				5263315C2F69F5F000A64ED5 /* PetDetailView.swift in Sources */,
				526331912F69F79900A64ED5 /* EmergencyProfileEditor.swift in Sources */,
				5263315D2F69F5F000A64ED5 /* HealthTipPreferences.swift in Sources */,
				5263315E2F69F5F000A64ED5 /* MultiPetDashboardView.swift in Sources */,
				5263315F2F69F5F000A64ED5 /* AddPetView.swift in Sources */,
				526331602F69F5F000A64ED5 /* TilePreferences.swift in Sources */,
				526331612F69F5F000A64ED5 /* DisclaimerView.swift in Sources */,
				526331622F69F5F000A64ED5 /* ModernDesignSystem.swift in Sources */,
				5203AECE2F706C9B001402F1 /* VetAIView.swift in Sources */,
				52ECEC982F70699200479441 /* VetAIPetContextBuilder.swift in Sources */,
				52ECEC9C2F70687200479441 /* PlaceholderFeatures.swift in Sources */,
				52ECEC9E2F70699000479441 /* PrintShareSupport.swift in Sources */,
				52BADD022F71000100B64ED5 /* RecordAttachmentSupport.swift in Sources */,
				526331632F69F5F000A64ED5 /* PetsListView.swift in Sources */,
				526331642F69F5F000A64ED5 /* PublicEmergencyView.swift in Sources */,
				526331652F69F5F000A64ED5 /* APIConfiguration.swift in Sources */,
				526331682F69F5F000A64ED5 /* VetAIDisclaimerSheet.swift in Sources */,
				526331692F69F5F000A64ED5 /* EmergencyQRView.swift in Sources */,
				5263316A2F69F5F000A64ED5 /* HomeView.swift in Sources */,
				5263318F2F69F68D00A64ED5 /* Models.swift in Sources */,
				526331AA2FAA10010064ED02 /* LegacyPetBootstrap.swift in Sources */,
				526331AB2FAA10010064ED02 /* AppRootView.swift in Sources */,
			);
			runOnlyForDeploymentPostprocessing = 0;
		};
		526330FE2F69F54700A64ED5 /* Sources */ = {
			isa = PBXSourcesBuildPhase;
			buildActionMask = 2147483647;
			files = (
			);
			runOnlyForDeploymentPostprocessing = 0;
		};
		526331082F69F54700A64ED5 /* Sources */ = {
			isa = PBXSourcesBuildPhase;
			buildActionMask = 2147483647;
			files = (
			);
			runOnlyForDeploymentPostprocessing = 0;
		};
/* End PBXSourcesBuildPhase section */

/* Begin PBXTargetDependency section */
		526331042F69F54700A64ED5 /* PBXTargetDependency */ = {
			isa = PBXTargetDependency;
			target = 526330F22F69F54600A64ED5 /* Petpal */;
			targetProxy = 526331032F69F54700A64ED5 /* PBXContainerItemProxy */;
		};
		5263310E2F69F54700A64ED5 /* PBXTargetDependency */ = {
			isa = PBXTargetDependency;
			target = 526330F22F69F54600A64ED5 /* Petpal */;
			targetProxy = 5263310D2F69F54700A64ED5 /* PBXContainerItemProxy */;
		};
/* End PBXTargetDependency section */

/* Begin XCBuildConfiguration section */
		526331142F69F54700A64ED5 /* Debug */ = {
			isa = XCBuildConfiguration;
			buildSettings = {
				ALWAYS_SEARCH_USER_PATHS = NO;
				ASSETCATALOG_COMPILER_GENERATE_SWIFT_ASSET_SYMBOL_EXTENSIONS = YES;
				CLANG_ANALYZER_NONNULL = YES;
				CLANG_ANALYZER_NUMBER_OBJECT_CONVERSION = YES_AGGRESSIVE;
				CLANG_CXX_LANGUAGE_STANDARD = "gnu++20";
				CLANG_ENABLE_MODULES = YES;
				CLANG_ENABLE_OBJC_ARC = YES;
				CLANG_ENABLE_OBJC_WEAK = YES;
				CLANG_WARN_BLOCK_CAPTURE_AUTORELEASING = YES;
				CLANG_WARN_BOOL_CONVERSION = YES;
				CLANG_WARN_COMMA = YES;
				CLANG_WARN_CONSTANT_CONVERSION = YES;
				CLANG_WARN_DEPRECATED_OBJC_IMPLEMENTATIONS = YES;
				CLANG_WARN_DIRECT_OBJC_ISA_USAGE = YES_ERROR;
				CLANG_WARN_DOCUMENTATION_COMMENTS = YES;
				CLANG_WARN_EMPTY_BODY = YES;
				CLANG_WARN_ENUM_CONVERSION = YES;
				CLANG_WARN_INFINITE_RECURSION = YES;
				CLANG_WARN_INT_CONVERSION = YES;
				CLANG_WARN_NON_LITERAL_NULL_CONVERSION = YES;
				CLANG_WARN_OBJC_IMPLICIT_RETAIN_SELF = YES;
				CLANG_WARN_OBJC_LITERAL_CONVERSION = YES;
				CLANG_WARN_OBJC_ROOT_CLASS = YES_ERROR;
				CLANG_WARN_QUOTED_INCLUDE_IN_FRAMEWORK_HEADER = YES;
				CLANG_WARN_RANGE_LOOP_ANALYSIS = YES;
				CLANG_WARN_STRICT_PROTOTYPES = YES;
				CLANG_WARN_SUSPICIOUS_MOVE = YES;
				CLANG_WARN_UNGUARDED_AVAILABILITY = YES_AGGRESSIVE;
				CLANG_WARN_UNREACHABLE_CODE = YES;
				CLANG_WARN__DUPLICATE_METHOD_MATCH = YES;
				COPY_PHASE_STRIP = NO;
				DEBUG_INFORMATION_FORMAT = dwarf;
				DEVELOPMENT_TEAM = 5MYA4PW6KR;
				ENABLE_STRICT_OBJC_MSGSEND = YES;
				ENABLE_TESTABILITY = YES;
				ENABLE_USER_SCRIPT_SANDBOXING = YES;
				GCC_C_LANGUAGE_STANDARD = gnu17;
				GCC_DYNAMIC_NO_PIC = NO;
				GCC_NO_COMMON_BLOCKS = YES;
				GCC_OPTIMIZATION_LEVEL = 0;
				GCC_PREPROCESSOR_DEFINITIONS = (
					"DEBUG=1",
					"$(inherited)",
				);
				GCC_WARN_64_TO_32_BIT_CONVERSION = YES;
				GCC_WARN_ABOUT_RETURN_TYPE = YES_ERROR;
				GCC_WARN_UNDECLARED_SELECTOR = YES;
				GCC_WARN_UNINITIALIZED_AUTOS = YES_AGGRESSIVE;
				GCC_WARN_UNUSED_FUNCTION = YES;
				GCC_WARN_UNUSED_VARIABLE = YES;
				LOCALIZATION_PREFERS_STRING_CATALOGS = YES;
				MTL_ENABLE_DEBUG_INFO = INCLUDE_SOURCE;
				MTL_FAST_MATH = YES;
				ONLY_ACTIVE_ARCH = YES;
				SWIFT_ACTIVE_COMPILATION_CONDITIONS = "DEBUG $(inherited)";
				SWIFT_OPTIMIZATION_LEVEL = "-Onone";
			};
			name = Debug;
		};
		526331152F69F54700A64ED5 /* Release */ = {
			isa = XCBuildConfiguration;
			buildSettings = {
				ALWAYS_SEARCH_USER_PATHS = NO;
				ASSETCATALOG_COMPILER_GENERATE_SWIFT_ASSET_SYMBOL_EXTENSIONS = YES;
				CLANG_ANALYZER_NONNULL = YES;
				CLANG_ANALYZER_NUMBER_OBJECT_CONVERSION = YES_AGGRESSIVE;
				CLANG_CXX_LANGUAGE_STANDARD = "gnu++20";
				CLANG_ENABLE_MODULES = YES;
				CLANG_ENABLE_OBJC_ARC = YES;
				CLANG_ENABLE_OBJC_WEAK = YES;
				CLANG_WARN_BLOCK_CAPTURE_AUTORELEASING = YES;
				CLANG_WARN_BOOL_CONVERSION = YES;
				CLANG_WARN_COMMA = YES;
				CLANG_WARN_CONSTANT_CONVERSION = YES;
				CLANG_WARN_DEPRECATED_OBJC_IMPLEMENTATIONS = YES;
				CLANG_WARN_DIRECT_OBJC_ISA_USAGE = YES_ERROR;
				CLANG_WARN_DOCUMENTATION_COMMENTS = YES;
				CLANG_WARN_EMPTY_BODY = YES;
				CLANG_WARN_ENUM_CONVERSION = YES;
				CLANG_WARN_INFINITE_RECURSION = YES;
				CLANG_WARN_INT_CONVERSION = YES;
				CLANG_WARN_NON_LITERAL_NULL_CONVERSION = YES;
				CLANG_WARN_OBJC_IMPLICIT_RETAIN_SELF = YES;
				CLANG_WARN_OBJC_LITERAL_CONVERSION = YES;
				CLANG_WARN_OBJC_ROOT_CLASS = YES_ERROR;
				CLANG_WARN_QUOTED_INCLUDE_IN_FRAMEWORK_HEADER = YES;
				CLANG_WARN_RANGE_LOOP_ANALYSIS = YES;
				CLANG_WARN_STRICT_PROTOTYPES = YES;
				CLANG_WARN_SUSPICIOUS_MOVE = YES;
				CLANG_WARN_UNGUARDED_AVAILABILITY = YES_AGGRESSIVE;
				CLANG_WARN_UNREACHABLE_CODE = YES;
				CLANG_WARN__DUPLICATE_METHOD_MATCH = YES;
				COPY_PHASE_STRIP = NO;
				DEBUG_INFORMATION_FORMAT = "dwarf-with-dsym";
				DEVELOPMENT_TEAM = 5MYA4PW6KR;
				ENABLE_NS_ASSERTIONS = NO;
				ENABLE_STRICT_OBJC_MSGSEND = YES;
				ENABLE_USER_SCRIPT_SANDBOXING = YES;
				GCC_C_LANGUAGE_STANDARD = gnu17;
				GCC_NO_COMMON_BLOCKS = YES;
				GCC_WARN_64_TO_32_BIT_CONVERSION = YES;
				GCC_WARN_ABOUT_RETURN_TYPE = YES_ERROR;
				GCC_WARN_UNDECLARED_SELECTOR = YES;
				GCC_WARN_UNINITIALIZED_AUTOS = YES_AGGRESSIVE;
				GCC_WARN_UNUSED_FUNCTION = YES;
				GCC_WARN_UNUSED_VARIABLE = YES;
				LOCALIZATION_PREFERS_STRING_CATALOGS = YES;
				MTL_ENABLE_DEBUG_INFO = NO;
				MTL_FAST_MATH = YES;
				SWIFT_COMPILATION_MODE = wholemodule;
			};
			name = Release;
		};
		526331172F69F54700A64ED5 /* Debug */ = {
			isa = XCBuildConfiguration;
			buildSettings = {
				ASSETCATALOG_COMPILER_APPICON_NAME = AppIcon;
				ASSETCATALOG_COMPILER_GLOBAL_ACCENT_COLOR_NAME = AccentColor;
				CODE_SIGN_IDENTITY = "Apple Development";
				CODE_SIGN_STYLE = Automatic;
				CURRENT_PROJECT_VERSION = 18;
				DEVELOPMENT_TEAM = 5MYA4PW6KR;
				ENABLE_APP_SANDBOX = YES;
				ENABLE_HARDENED_RUNTIME = YES;
				ENABLE_PREVIEWS = YES;
				ENABLE_USER_SELECTED_FILES = readonly;
				GENERATE_INFOPLIST_FILE = YES;
				INFOPLIST_FILE = Petpal/Info.plist;
				INFOPLIST_KEY_NSCameraUsageDescription = "Petpal uses your camera to take photos of your pet for their profile.";
				INFOPLIST_KEY_NSPhotoLibraryAddUsageDescription = "Petpal can save QR codes and images to your photo library when you choose to save them.";
				INFOPLIST_KEY_NSPhotoLibraryUsageDescription = "Petpal needs access to your photo library to set your pet's profile picture.";
				INFOPLIST_KEY_NSUserNotificationsUsageDescription = "Petpal can send reminders for vet appointments and pet care.";
				"INFOPLIST_KEY_UIApplicationSceneManifest_Generation[sdk=iphoneos*]" = YES;
				"INFOPLIST_KEY_UIApplicationSceneManifest_Generation[sdk=iphonesimulator*]" = YES;
				"INFOPLIST_KEY_UIApplicationSupportsIndirectInputEvents[sdk=iphoneos*]" = YES;
				"INFOPLIST_KEY_UIApplicationSupportsIndirectInputEvents[sdk=iphonesimulator*]" = YES;
				"INFOPLIST_KEY_UILaunchScreen_Generation[sdk=iphoneos*]" = YES;
				"INFOPLIST_KEY_UILaunchScreen_Generation[sdk=iphonesimulator*]" = YES;
				"INFOPLIST_KEY_UIStatusBarStyle[sdk=iphoneos*]" = UIStatusBarStyleDefault;
				"INFOPLIST_KEY_UIStatusBarStyle[sdk=iphonesimulator*]" = UIStatusBarStyleDefault;
				INFOPLIST_KEY_UISupportedInterfaceOrientations_iPad = "UIInterfaceOrientationPortrait UIInterfaceOrientationPortraitUpsideDown UIInterfaceOrientationLandscapeLeft UIInterfaceOrientationLandscapeRight";
				INFOPLIST_KEY_UISupportedInterfaceOrientations_iPhone = "UIInterfaceOrientationPortrait UIInterfaceOrientationLandscapeLeft UIInterfaceOrientationLandscapeRight";
				IPHONEOS_DEPLOYMENT_TARGET = 26.2;
				LD_RUNPATH_SEARCH_PATHS = "@executable_path/Frameworks";
				"LD_RUNPATH_SEARCH_PATHS[sdk=macosx*]" = "@executable_path/../Frameworks";
				MACOSX_DEPLOYMENT_TARGET = 26.2;
				MARKETING_VERSION = 1.0;
				PRODUCT_BUNDLE_IDENTIFIER = com.thyghos.petpalapp;
				PRODUCT_NAME = "$(TARGET_NAME)";
				PROVISIONING_PROFILE_SPECIFIER = "";
				REGISTER_APP_GROUPS = YES;
				SDKROOT = auto;
				STRING_CATALOG_GENERATE_SYMBOLS = YES;
				SUPPORTED_PLATFORMS = "iphoneos iphonesimulator";
				SUPPORTS_MACCATALYST = NO;
				SWIFT_APPROACHABLE_CONCURRENCY = YES;
				SWIFT_DEFAULT_ACTOR_ISOLATION = MainActor;
				SWIFT_EMIT_LOC_STRINGS = YES;
				SWIFT_UPCOMING_FEATURE_MEMBER_IMPORT_VISIBILITY = YES;
				SWIFT_VERSION = 5.0;
				TARGETED_DEVICE_FAMILY = "1,2";
				XROS_DEPLOYMENT_TARGET = 26.2;
			};
			name = Debug;
		};
		526331182F69F54700A64ED5 /* Release */ = {
			isa = XCBuildConfiguration;
			buildSettings = {
				ASSETCATALOG_COMPILER_APPICON_NAME = AppIcon;
				ASSETCATALOG_COMPILER_GLOBAL_ACCENT_COLOR_NAME = AccentColor;
				CODE_SIGN_IDENTITY = "Apple Development";
				CODE_SIGN_STYLE = Automatic;
				CURRENT_PROJECT_VERSION = 18;
				DEVELOPMENT_TEAM = 5MYA4PW6KR;
				ENABLE_APP_SANDBOX = YES;
				ENABLE_HARDENED_RUNTIME = YES;
				ENABLE_PREVIEWS = YES;
				ENABLE_USER_SELECTED_FILES = readonly;
				GENERATE_INFOPLIST_FILE = YES;
				INFOPLIST_FILE = Petpal/Info.plist;
				INFOPLIST_KEY_NSCameraUsageDescription = "Petpal uses your camera to take photos of your pet for their profile.";
				INFOPLIST_KEY_NSPhotoLibraryAddUsageDescription = "Petpal can save QR codes and images to your photo library when you choose to save them.";
				INFOPLIST_KEY_NSPhotoLibraryUsageDescription = "Petpal needs access to your photo library to set your pet's profile picture.";
				INFOPLIST_KEY_NSUserNotificationsUsageDescription = "Petpal can send reminders for vet appointments and pet care.";
				"INFOPLIST_KEY_UIApplicationSceneManifest_Generation[sdk=iphoneos*]" = YES;
				"INFOPLIST_KEY_UIApplicationSceneManifest_Generation[sdk=iphonesimulator*]" = YES;
				"INFOPLIST_KEY_UIApplicationSupportsIndirectInputEvents[sdk=iphoneos*]" = YES;
				"INFOPLIST_KEY_UIApplicationSupportsIndirectInputEvents[sdk=iphonesimulator*]" = YES;
				"INFOPLIST_KEY_UILaunchScreen_Generation[sdk=iphoneos*]" = YES;
				"INFOPLIST_KEY_UILaunchScreen_Generation[sdk=iphonesimulator*]" = YES;
				"INFOPLIST_KEY_UIStatusBarStyle[sdk=iphoneos*]" = UIStatusBarStyleDefault;
				"INFOPLIST_KEY_UIStatusBarStyle[sdk=iphonesimulator*]" = UIStatusBarStyleDefault;
				INFOPLIST_KEY_UISupportedInterfaceOrientations_iPad = "UIInterfaceOrientationPortrait UIInterfaceOrientationPortraitUpsideDown UIInterfaceOrientationLandscapeLeft UIInterfaceOrientationLandscapeRight";
				INFOPLIST_KEY_UISupportedInterfaceOrientations_iPhone = "UIInterfaceOrientationPortrait UIInterfaceOrientationLandscapeLeft UIInterfaceOrientationLandscapeRight";
				IPHONEOS_DEPLOYMENT_TARGET = 26.2;
				LD_RUNPATH_SEARCH_PATHS = "@executable_path/Frameworks";
				"LD_RUNPATH_SEARCH_PATHS[sdk=macosx*]" = "@executable_path/../Frameworks";
				MACOSX_DEPLOYMENT_TARGET = 26.2;
				MARKETING_VERSION = 1.0;
				PRODUCT_BUNDLE_IDENTIFIER = com.thyghos.petpalapp;
				PRODUCT_NAME = "$(TARGET_NAME)";
				PROVISIONING_PROFILE_SPECIFIER = "";
				REGISTER_APP_GROUPS = YES;
				SDKROOT = auto;
				STRING_CATALOG_GENERATE_SYMBOLS = YES;
				SUPPORTED_PLATFORMS = "iphoneos iphonesimulator";
				SUPPORTS_MACCATALYST = NO;
				SWIFT_APPROACHABLE_CONCURRENCY = YES;
				SWIFT_DEFAULT_ACTOR_ISOLATION = MainActor;
				SWIFT_EMIT_LOC_STRINGS = YES;
				SWIFT_UPCOMING_FEATURE_MEMBER_IMPORT_VISIBILITY = YES;
				SWIFT_VERSION = 5.0;
				TARGETED_DEVICE_FAMILY = "1,2";
				XROS_DEPLOYMENT_TARGET = 26.2;
			};
			name = Release;
		};
		5263311A2F69F54700A64ED5 /* Debug */ = {
			isa = XCBuildConfiguration;
			buildSettings = {
				BUNDLE_LOADER = "$(TEST_HOST)";
				CODE_SIGN_STYLE = Automatic;
				CURRENT_PROJECT_VERSION = 1;
				DEVELOPMENT_TEAM = 5MYA4PW6KR;
				GENERATE_INFOPLIST_FILE = YES;
				IPHONEOS_DEPLOYMENT_TARGET = 26.2;
				MACOSX_DEPLOYMENT_TARGET = 26.2;
				MARKETING_VERSION = 1.0;
				PRODUCT_BUNDLE_IDENTIFIER = com.thyghos.Petpal.PetpalTests;
				PRODUCT_NAME = "$(TARGET_NAME)";
				SDKROOT = auto;
				STRING_CATALOG_GENERATE_SYMBOLS = NO;
				SUPPORTED_PLATFORMS = "iphoneos iphonesimulator macosx xros xrsimulator";
				SWIFT_APPROACHABLE_CONCURRENCY = YES;
				SWIFT_EMIT_LOC_STRINGS = NO;
				SWIFT_UPCOMING_FEATURE_MEMBER_IMPORT_VISIBILITY = YES;
				SWIFT_VERSION = 5.0;
				TARGETED_DEVICE_FAMILY = "1,2,7";
				TEST_HOST = "$(BUILT_PRODUCTS_DIR)/Petpal.app/$(BUNDLE_EXECUTABLE_FOLDER_PATH)/Petpal";
				XROS_DEPLOYMENT_TARGET = 26.2;
			};
			name = Debug;
		};
		5263311B2F69F54700A64ED5 /* Release */ = {
			isa = XCBuildConfiguration;
			buildSettings = {
				BUNDLE_LOADER = "$(TEST_HOST)";
				CODE_SIGN_STYLE = Automatic;
				CURRENT_PROJECT_VERSION = 1;
				DEVELOPMENT_TEAM = 5MYA4PW6KR;
				GENERATE_INFOPLIST_FILE = YES;
				IPHONEOS_DEPLOYMENT_TARGET = 26.2;
				MACOSX_DEPLOYMENT_TARGET = 26.2;
				MARKETING_VERSION = 1.0;
				PRODUCT_BUNDLE_IDENTIFIER = com.thyghos.Petpal.PetpalTests;
				PRODUCT_NAME = "$(TARGET_NAME)";
				SDKROOT = auto;
				STRING_CATALOG_GENERATE_SYMBOLS = NO;
				SUPPORTED_PLATFORMS = "iphoneos iphonesimulator macosx xros xrsimulator";
				SWIFT_APPROACHABLE_CONCURRENCY = YES;
				SWIFT_EMIT_LOC_STRINGS = NO;
				SWIFT_UPCOMING_FEATURE_MEMBER_IMPORT_VISIBILITY = YES;
				SWIFT_VERSION = 5.0;
				TARGETED_DEVICE_FAMILY = "1,2,7";
				TEST_HOST = "$(BUILT_PRODUCTS_DIR)/Petpal.app/$(BUNDLE_EXECUTABLE_FOLDER_PATH)/Petpal";
				XROS_DEPLOYMENT_TARGET = 26.2;
			};
			name = Release;
		};
		5263311D2F69F54700A64ED5 /* Debug */ = {
			isa = XCBuildConfiguration;
			buildSettings = {
				CODE_SIGN_STYLE = Automatic;
				CURRENT_PROJECT_VERSION = 1;
				DEVELOPMENT_TEAM = 5MYA4PW6KR;
				GENERATE_INFOPLIST_FILE = YES;
				IPHONEOS_DEPLOYMENT_TARGET = 26.2;
				MACOSX_DEPLOYMENT_TARGET = 26.2;
				MARKETING_VERSION = 1.0;
				PRODUCT_BUNDLE_IDENTIFIER = com.thyghos.Petpal.PetpalUITests;
				PRODUCT_NAME = "$(TARGET_NAME)";
				SDKROOT = auto;
				STRING_CATALOG_GENERATE_SYMBOLS = NO;
				SUPPORTED_PLATFORMS = "iphoneos iphonesimulator macosx xros xrsimulator";
				SWIFT_APPROACHABLE_CONCURRENCY = YES;
				SWIFT_EMIT_LOC_STRINGS = NO;
				SWIFT_UPCOMING_FEATURE_MEMBER_IMPORT_VISIBILITY = YES;
				SWIFT_VERSION = 5.0;
				TARGETED_DEVICE_FAMILY = "1,2,7";
				TEST_TARGET_NAME = Petpal;
				XROS_DEPLOYMENT_TARGET = 26.2;
			};
			name = Debug;
		};
		5263311E2F69F54700A64ED5 /* Release */ = {
			isa = XCBuildConfiguration;
			buildSettings = {
				CODE_SIGN_STYLE = Automatic;
				CURRENT_PROJECT_VERSION = 1;
				DEVELOPMENT_TEAM = 5MYA4PW6KR;
				GENERATE_INFOPLIST_FILE = YES;
				IPHONEOS_DEPLOYMENT_TARGET = 26.2;
				MACOSX_DEPLOYMENT_TARGET = 26.2;
				MARKETING_VERSION = 1.0;
				PRODUCT_BUNDLE_IDENTIFIER = com.thyghos.Petpal.PetpalUITests;
				PRODUCT_NAME = "$(TARGET_NAME)";
				SDKROOT = auto;
				STRING_CATALOG_GENERATE_SYMBOLS = NO;
				SUPPORTED_PLATFORMS = "iphoneos iphonesimulator macosx xros xrsimulator";
				SWIFT_APPROACHABLE_CONCURRENCY = YES;
				SWIFT_EMIT_LOC_STRINGS = NO;
				SWIFT_UPCOMING_FEATURE_MEMBER_IMPORT_VISIBILITY = YES;
				SWIFT_VERSION = 5.0;
				TARGETED_DEVICE_FAMILY = "1,2,7";
				TEST_TARGET_NAME = Petpal;
				XROS_DEPLOYMENT_TARGET = 26.2;
			};
			name = Release;
		};
/* End XCBuildConfiguration section */

/* Begin XCConfigurationList section */
		526330EE2F69F54600A64ED5 /* Build configuration list for PBXProject "Petpal" */ = {
			isa = XCConfigurationList;
			buildConfigurations = (
				526331142F69F54700A64ED5 /* Debug */,
				526331152F69F54700A64ED5 /* Release */,
			);
			defaultConfigurationIsVisible = 0;
			defaultConfigurationName = Release;
		};
		526331162F69F54700A64ED5 /* Build configuration list for PBXNativeTarget "Petpal" */ = {
			isa = XCConfigurationList;
			buildConfigurations = (
				526331172F69F54700A64ED5 /* Debug */,
				526331182F69F54700A64ED5 /* Release */,
			);
			defaultConfigurationIsVisible = 0;
			defaultConfigurationName = Release;
		};
		526331192F69F54700A64ED5 /* Build configuration list for PBXNativeTarget "PetpalTests" */ = {
			isa = XCConfigurationList;
			buildConfigurations = (
				5263311A2F69F54700A64ED5 /* Debug */,
				5263311B2F69F54700A64ED5 /* Release */,
			);
			defaultConfigurationIsVisible = 0;
			defaultConfigurationName = Release;
		};
		5263311C2F69F54700A64ED5 /* Build configuration list for PBXNativeTarget "PetpalUITests" */ = {
			isa = XCConfigurationList;
			buildConfigurations = (
				5263311D2F69F54700A64ED5 /* Debug */,
				5263311E2F69F54700A64ED5 /* Release */,
			);
			defaultConfigurationIsVisible = 0;
			defaultConfigurationName = Release;
		};
/* End XCConfigurationList section */
	};
	rootObject = 526330EB2F69F54600A64ED5 /* Project object */;
}
